
Microsoft Visual Studio Solution File, Format Version 12.00
# Visual Studio Version 17
VisualStudioVersion = 17.10.34928.147
MinimumVisualStudioVersion = 10.0.40219.1
Project("{FAE04EC0-301F-11D3-BF4B-00C04F79EFBC}") = "BlogDataLibrary", "BlogDataLibrary\BlogDataLibrary.csproj", "{72854A44-9C9D-425D-A88B-BFDB9CD51A53}"
EndProject
Project("{00D1A9C2-B5F0-4AF3-8072-F6C62B433612}") = "EmbornasBlogDB", "EmbornasBlogDB\EmbornasBlogDB.sqlproj", "{30185AAA-AF82-469B-9A4C-06801548233B}"
EndProject
Project("{FAE04EC0-301F-11D3-BF4B-00C04F79EFBC}") = "BlogTestUI", "BlogTestUI\BlogTestUI\BlogTestUI.csproj", "{7FE7496F-135F-466F-91AF-D365D62CDF46}"
EndProject
Global
	GlobalSection(SolutionConfigurationPlatforms) = preSolution
		Debug|Any CPU = Debug|Any CPU
		Release|Any CPU = Release|Any CPU
	EndGlobalSection
	GlobalSection(ProjectConfigurationPlatforms) = postSolution
		{72854A44-9C9D-425D-A88B-BFDB9CD51A53}.Debug|Any CPU.ActiveCfg = Debug|Any CPU
		{72854A44-9C9D-425D-A88B-BFDB9CD51A53}.Debug|Any CPU.Build.0 = Debug|Any CPU
		{72854A44-9C9D-425D-A88B-BFDB9CD51A53}.Release|Any CPU.ActiveCfg = Release|Any CPU
		{72854A44-9C9D-425D-A88B-BFDB9CD51A53}.Release|Any CPU.Build.0 = Release|Any CPU
		{30185AAA-AF82-469B-9A4C-06801548233B}.Debug|Any CPU.ActiveCfg = Debug|Any CPU
		{30185AAA-AF82-469B-9A4C-06801548233B}.Debug|Any CPU.Build.0 = Debug|Any CPU
		{30185AAA-AF82-469B-9A4C-06801548233B}.Debug|Any CPU.Deploy.0 = Debug|Any CPU
		{30185AAA-AF82-469B-9A4C-06801548233B}.Release|Any CPU.ActiveCfg = Release|Any CPU
		{30185AAA-AF82-469B-9A4C-06801548233B}.Release|Any CPU.Build.0 = Release|Any CPU
		{30185AAA-AF82-469B-9A4C-06801548233B}.Release|Any CPU.Deploy.0 = Release|Any CPU
		{7FE7496F-135F-466F-91AF-D365D62CDF46}.Debug|Any CPU.ActiveCfg = Debug|Any CPU
		{7FE7496F-135F-466F-91AF-D365D62CDF46}.Debug|Any CPU.Build.0 = Debug|Any CPU
		{7FE7496F-135F-466F-91AF-D365D62CDF46}.Release|Any CPU.ActiveCfg = Release|Any CPU
		{7FE7496F-135F-466F-91AF-D365D62CDF46}.Release|Any CPU.Build.0 = Release|Any CPU
	EndGlobalSection
	GlobalSection(SolutionProperties) = preSolution
		HideSolutionNode = FALSE
	EndGlobalSection
	GlobalSection(ExtensibilityGlobals) = postSolution
		SolutionGuid = {29B3291F-E223-4189-8844-943BAA7ADF72}
	EndGlobalSection
EndGlobal
